// !$*UTF8*$!
{
	archiveVersion = 1;
	classes = {
	};
	objectVersion = 50;
	objects = {

/* Begin PBXBuildFile section */
		E48924AF20FE66D600D36A80 /* TransactionsViewController.swift in Sources */ = {isa = PBXBuildFile; fileRef = E48924AE20FE66D600D36A80 /* TransactionsViewController.swift */; };
		E4F29EA120FD140D00BD3E53 /* AppDelegate.swift in Sources */ = {isa = PBXBuildFile; fileRef = E4F29EA020FD140D00BD3E53 /* AppDelegate.swift */; };
		E4F29EA320FD140D00BD3E53 /* ViewController.swift in Sources */ = {isa = PBXBuildFile; fileRef = E4F29EA220FD140D00BD3E53 /* ViewController.swift */; };
		E4F29EA620FD140D00BD3E53 /* Main.storyboard in Resources */ = {isa = PBXBuildFile; fileRef = E4F29EA420FD140D00BD3E53 /* Main.storyboard */; };
		E4F29EA820FD140F00BD3E53 /* Assets.xcassets in Resources */ = {isa = PBXBuildFile; fileRef = E4F29EA720FD140F00BD3E53 /* Assets.xcassets */; };
		E4F29EAB20FD140F00BD3E53 /* LaunchScreen.storyboard in Resources */ = {isa = PBXBuildFile; fileRef = E4F29EA920FD140F00BD3E53 /* LaunchScreen.storyboard */; };
		E4F29EB620FD140F00BD3E53 /* EosDemoTests.swift in Sources */ = {isa = PBXBuildFile; fileRef = E4F29EB520FD140F00BD3E53 /* EosDemoTests.swift */; };
		E4F29EC120FD140F00BD3E53 /* EosDemoUITests.swift in Sources */ = {isa = PBXBuildFile; fileRef = E4F29EC020FD140F00BD3E53 /* EosDemoUITests.swift */; };
		E4F29ECF20FD172300BD3E53 /* README.md in Resources */ = {isa = PBXBuildFile; fileRef = E4F29ECE20FD172300BD3E53 /* README.md */; };
		E4F29ED120FD1F7800BD3E53 /* Request.swift in Sources */ = {isa = PBXBuildFile; fileRef = E4F29ED020FD1F7800BD3E53 /* Request.swift */; };
		E4F29ED320FD26AC00BD3E53 /* ChainInfoTests.swift in Sources */ = {isa = PBXBuildFile; fileRef = E4F29ED220FD26AC00BD3E53 /* ChainInfoTests.swift */; };
		E4F29ED420FD28B700BD3E53 /* Request.swift in Sources */ = {isa = PBXBuildFile; fileRef = E4F29ED020FD1F7800BD3E53 /* Request.swift */; };
		E4F29ED620FD2D1000BD3E53 /* ChainInfo.swift in Sources */ = {isa = PBXBuildFile; fileRef = E4F29ED520FD2D1000BD3E53 /* ChainInfo.swift */; };
		E4F29ED720FD2D1000BD3E53 /* ChainInfo.swift in Sources */ = {isa = PBXBuildFile; fileRef = E4F29ED520FD2D1000BD3E53 /* ChainInfo.swift */; };
		E4F29ED920FD2DB800BD3E53 /* BlockInfo.swift in Sources */ = {isa = PBXBuildFile; fileRef = E4F29ED820FD2DB800BD3E53 /* BlockInfo.swift */; };
		E4F29EDA20FD2DB800BD3E53 /* BlockInfo.swift in Sources */ = {isa = PBXBuildFile; fileRef = E4F29ED820FD2DB800BD3E53 /* BlockInfo.swift */; };
		E4F29EDC20FD375C00BD3E53 /* BlockInfoTests.swift in Sources */ = {isa = PBXBuildFile; fileRef = E4F29EDB20FD375C00BD3E53 /* BlockInfoTests.swift */; };
		E4F29EDE20FD4A5600BD3E53 /* RequestTests.swift in Sources */ = {isa = PBXBuildFile; fileRef = E4F29EDD20FD4A5600BD3E53 /* RequestTests.swift */; };
		E4F29EE220FD625E00BD3E53 /* Transaction.swift in Sources */ = {isa = PBXBuildFile; fileRef = E4F29EE120FD625E00BD3E53 /* Transaction.swift */; };
		E4F29EE320FD625E00BD3E53 /* Transaction.swift in Sources */ = {isa = PBXBuildFile; fileRef = E4F29EE120FD625E00BD3E53 /* Transaction.swift */; };
		E4F29EE620FD7B1600BD3E53 /* TransactionTests.swift in Sources */ = {isa = PBXBuildFile; fileRef = E4F29EE520FD7B1600BD3E53 /* TransactionTests.swift */; };
		E4F29EE920FD9A6400BD3E53 /* BlockInfoViewController.swift in Sources */ = {isa = PBXBuildFile; fileRef = E4F29EE820FD9A6400BD3E53 /* BlockInfoViewController.swift */; };
		E4F29EEA20FD9A6400BD3E53 /* BlockInfoViewController.swift in Sources */ = {isa = PBXBuildFile; fileRef = E4F29EE820FD9A6400BD3E53 /* BlockInfoViewController.swift */; };
		E4F29EEC20FD9A7300BD3E53 /* BlockSelectViewController.swift in Sources */ = {isa = PBXBuildFile; fileRef = E4F29EEB20FD9A7300BD3E53 /* BlockSelectViewController.swift */; };
		E4F29EED20FD9A7300BD3E53 /* BlockSelectViewController.swift in Sources */ = {isa = PBXBuildFile; fileRef = E4F29EEB20FD9A7300BD3E53 /* BlockSelectViewController.swift */; };
/* End PBXBuildFile section */

/* Begin PBXContainerItemProxy section */
		E4F29EB220FD140F00BD3E53 /* PBXContainerItemProxy */ = {
			isa = PBXContainerItemProxy;
			containerPortal = E4F29E9520FD140D00BD3E53 /* Project object */;
			proxyType = 1;
			remoteGlobalIDString = E4F29E9C20FD140D00BD3E53;
			remoteInfo = EosDemo;
		};
		E4F29EBD20FD140F00BD3E53 /* PBXContainerItemProxy */ = {
			isa = PBXContainerItemProxy;
			containerPortal = E4F29E9520FD140D00BD3E53 /* Project object */;
			proxyType = 1;
			remoteGlobalIDString = E4F29E9C20FD140D00BD3E53;
			remoteInfo = EosDemo;
		};
/* End PBXContainerItemProxy section */

/* Begin PBXFileReference section */
		E48924AE20FE66D600D36A80 /* TransactionsViewController.swift */ = {isa = PBXFileReference; lastKnownFileType = sourcecode.swift; path = TransactionsViewController.swift; sourceTree = "<group>"; };
		E4F29E9D20FD140D00BD3E53 /* EosDemo.app */ = {isa = PBXFileReference; explicitFileType = wrapper.application; includeInIndex = 0; path = EosDemo.app; sourceTree = BUILT_PRODUCTS_DIR; };
		E4F29EA020FD140D00BD3E53 /* AppDelegate.swift */ = {isa = PBXFileReference; lastKnownFileType = sourcecode.swift; path = AppDelegate.swift; sourceTree = "<group>"; };
		E4F29EA220FD140D00BD3E53 /* ViewController.swift */ = {isa = PBXFileReference; lastKnownFileType = sourcecode.swift; path = ViewController.swift; sourceTree = "<group>"; };
		E4F29EA520FD140D00BD3E53 /* Base */ = {isa = PBXFileReference; lastKnownFileType = file.storyboard; name = Base; path = Base.lproj/Main.storyboard; sourceTree = "<group>"; };
		E4F29EA720FD140F00BD3E53 /* Assets.xcassets */ = {isa = PBXFileReference; lastKnownFileType = folder.assetcatalog; path = Assets.xcassets; sourceTree = "<group>"; };
		E4F29EAA20FD140F00BD3E53 /* Base */ = {isa = PBXFileReference; lastKnownFileType = file.storyboard; name = Base; path = Base.lproj/LaunchScreen.storyboard; sourceTree = "<group>"; };
		E4F29EAC20FD140F00BD3E53 /* Info.plist */ = {isa = PBXFileReference; lastKnownFileType = text.plist.xml; path = Info.plist; sourceTree = "<group>"; };
		E4F29EB120FD140F00BD3E53 /* EosDemoTests.xctest */ = {isa = PBXFileReference; explicitFileType = wrapper.cfbundle; includeInIndex = 0; path = EosDemoTests.xctest; sourceTree = BUILT_PRODUCTS_DIR; };
		E4F29EB520FD140F00BD3E53 /* EosDemoTests.swift */ = {isa = PBXFileReference; lastKnownFileType = sourcecode.swift; path = EosDemoTests.swift; sourceTree = "<group>"; };
		E4F29EB720FD140F00BD3E53 /* Info.plist */ = {isa = PBXFileReference; lastKnownFileType = text.plist.xml; path = Info.plist; sourceTree = "<group>"; };
		E4F29EBC20FD140F00BD3E53 /* EosDemoUITests.xctest */ = {isa = PBXFileReference; explicitFileType = wrapper.cfbundle; includeInIndex = 0; path = EosDemoUITests.xctest; sourceTree = BUILT_PRODUCTS_DIR; };
		E4F29EC020FD140F00BD3E53 /* EosDemoUITests.swift */ = {isa = PBXFileReference; lastKnownFileType = sourcecode.swift; path = EosDemoUITests.swift; sourceTree = "<group>"; };
		E4F29EC220FD140F00BD3E53 /* Info.plist */ = {isa = PBXFileReference; lastKnownFileType = text.plist.xml; path = Info.plist; sourceTree = "<group>"; };
		E4F29ECE20FD172300BD3E53 /* README.md */ = {isa = PBXFileReference; fileEncoding = 4; lastKnownFileType = net.daringfireball.markdown; path = README.md; sourceTree = "<group>"; };
		E4F29ED020FD1F7800BD3E53 /* Request.swift */ = {isa = PBXFileReference; lastKnownFileType = sourcecode.swift; path = Request.swift; sourceTree = "<group>"; };
		E4F29ED220FD26AC00BD3E53 /* ChainInfoTests.swift */ = {isa = PBXFileReference; lastKnownFileType = sourcecode.swift; path = ChainInfoTests.swift; sourceTree = "<group>"; };
		E4F29ED520FD2D1000BD3E53 /* ChainInfo.swift */ = {isa = PBXFileReference; lastKnownFileType = sourcecode.swift; path = ChainInfo.swift; sourceTree = "<group>"; };
		E4F29ED820FD2DB800BD3E53 /* BlockInfo.swift */ = {isa = PBXFileReference; lastKnownFileType = sourcecode.swift; path = BlockInfo.swift; sourceTree = "<group>"; };
		E4F29EDB20FD375C00BD3E53 /* BlockInfoTests.swift */ = {isa = PBXFileReference; lastKnownFileType = sourcecode.swift; path = BlockInfoTests.swift; sourceTree = "<group>"; };
		E4F29EDD20FD4A5600BD3E53 /* RequestTests.swift */ = {isa = PBXFileReference; lastKnownFileType = sourcecode.swift; path = RequestTests.swift; sourceTree = "<group>"; };
		E4F29EE120FD625E00BD3E53 /* Transaction.swift */ = {isa = PBXFileReference; lastKnownFileType = sourcecode.swift; path = Transaction.swift; sourceTree = "<group>"; };
		E4F29EE520FD7B1600BD3E53 /* TransactionTests.swift */ = {isa = PBXFileReference; lastKnownFileType = sourcecode.swift; path = TransactionTests.swift; sourceTree = "<group>"; };
		E4F29EE820FD9A6400BD3E53 /* BlockInfoViewController.swift */ = {isa = PBXFileReference; lastKnownFileType = sourcecode.swift; path = BlockInfoViewController.swift; sourceTree = "<group>"; };
		E4F29EEB20FD9A7300BD3E53 /* BlockSelectViewController.swift */ = {isa = PBXFileReference; lastKnownFileType = sourcecode.swift; path = BlockSelectViewController.swift; sourceTree = "<group>"; };
/* End PBXFileReference section */

/* Begin PBXFrameworksBuildPhase section */
		E4F29E9A20FD140D00BD3E53 /* Frameworks */ = {
			isa = PBXFrameworksBuildPhase;
			buildActionMask = 2147483647;
			files = (
			);
			runOnlyForDeploymentPostprocessing = 0;
		};
		E4F29EAE20FD140F00BD3E53 /* Frameworks */ = {
			isa = PBXFrameworksBuildPhase;
			buildActionMask = 2147483647;
			files = (
			);
			runOnlyForDeploymentPostprocessing = 0;
		};
		E4F29EB920FD140F00BD3E53 /* Frameworks */ = {
			isa = PBXFrameworksBuildPhase;
			buildActionMask = 2147483647;
			files = (
			);
			runOnlyForDeploymentPostprocessing = 0;
		};
/* End PBXFrameworksBuildPhase section */

/* Begin PBXGroup section */
		E4F29E9420FD140D00BD3E53 = {
			isa = PBXGroup;
			children = (
				E4F29ECE20FD172300BD3E53 /* README.md */,
				E4F29E9F20FD140D00BD3E53 /* EosDemo */,
				E4F29EB420FD140F00BD3E53 /* EosDemoTests */,
				E4F29EBF20FD140F00BD3E53 /* EosDemoUITests */,
				E4F29E9E20FD140D00BD3E53 /* Products */,
			);
			sourceTree = "<group>";
		};
		E4F29E9E20FD140D00BD3E53 /* Products */ = {
			isa = PBXGroup;
			children = (
				E4F29E9D20FD140D00BD3E53 /* EosDemo.app */,
				E4F29EB120FD140F00BD3E53 /* EosDemoTests.xctest */,
				E4F29EBC20FD140F00BD3E53 /* EosDemoUITests.xctest */,
			);
			name = Products;
			sourceTree = "<group>";
		};
		E4F29E9F20FD140D00BD3E53 /* EosDemo */ = {
			isa = PBXGroup;
			children = (
				E4F29EE720FD9A4C00BD3E53 /* Controller */,
				E4F29EDF20FD614300BD3E53 /* Model */,
				E4F29EA020FD140D00BD3E53 /* AppDelegate.swift */,
				E4F29EA220FD140D00BD3E53 /* ViewController.swift */,
				E4F29EA420FD140D00BD3E53 /* Main.storyboard */,
				E4F29EA720FD140F00BD3E53 /* Assets.xcassets */,
				E4F29EA920FD140F00BD3E53 /* LaunchScreen.storyboard */,
				E4F29EAC20FD140F00BD3E53 /* Info.plist */,
			);
			path = EosDemo;
			sourceTree = "<group>";
		};
		E4F29EB420FD140F00BD3E53 /* EosDemoTests */ = {
			isa = PBXGroup;
			children = (
				E4F29EE020FD615100BD3E53 /* ModelTests */,
				E4F29EB520FD140F00BD3E53 /* EosDemoTests.swift */,
				E4F29EB720FD140F00BD3E53 /* Info.plist */,
			);
			path = EosDemoTests;
			sourceTree = "<group>";
		};
		E4F29EBF20FD140F00BD3E53 /* EosDemoUITests */ = {
			isa = PBXGroup;
			children = (
				E4F29EC020FD140F00BD3E53 /* EosDemoUITests.swift */,
				E4F29EC220FD140F00BD3E53 /* Info.plist */,
			);
			path = EosDemoUITests;
			sourceTree = "<group>";
		};
		E4F29EDF20FD614300BD3E53 /* Model */ = {
			isa = PBXGroup;
			children = (
				E4F29ED020FD1F7800BD3E53 /* Request.swift */,
				E4F29ED520FD2D1000BD3E53 /* ChainInfo.swift */,
				E4F29ED820FD2DB800BD3E53 /* BlockInfo.swift */,
				E4F29EE120FD625E00BD3E53 /* Transaction.swift */,
			);
			path = Model;
			sourceTree = "<group>";
		};
		E4F29EE020FD615100BD3E53 /* ModelTests */ = {
			isa = PBXGroup;
			children = (
				E4F29ED220FD26AC00BD3E53 /* ChainInfoTests.swift */,
				E4F29EDB20FD375C00BD3E53 /* BlockInfoTests.swift */,
				E4F29EDD20FD4A5600BD3E53 /* RequestTests.swift */,
				E4F29EE520FD7B1600BD3E53 /* TransactionTests.swift */,
			);
			path = ModelTests;
			sourceTree = "<group>";
		};
		E4F29EE720FD9A4C00BD3E53 /* Controller */ = {
			isa = PBXGroup;
			children = (
				E4F29EE820FD9A6400BD3E53 /* BlockInfoViewController.swift */,
				E4F29EEB20FD9A7300BD3E53 /* BlockSelectViewController.swift */,
				E48924AE20FE66D600D36A80 /* TransactionsViewController.swift */,
			);
			path = Controller;
			sourceTree = "<group>";
		};
/* End PBXGroup section */

/* Begin PBXNativeTarget section */
		E4F29E9C20FD140D00BD3E53 /* EosDemo */ = {
			isa = PBXNativeTarget;
			buildConfigurationList = E4F29EC520FD140F00BD3E53 /* Build configuration list for PBXNativeTarget "EosDemo" */;
			buildPhases = (
				E4F29E9920FD140D00BD3E53 /* Sources */,
				E4F29E9A20FD140D00BD3E53 /* Frameworks */,
				E4F29E9B20FD140D00BD3E53 /* Resources */,
			);
			buildRules = (
			);
			dependencies = (
			);
			name = EosDemo;
			productName = EosDemo;
			productReference = E4F29E9D20FD140D00BD3E53 /* EosDemo.app */;
			productType = "com.apple.product-type.application";
		};
		E4F29EB020FD140F00BD3E53 /* EosDemoTests */ = {
			isa = PBXNativeTarget;
			buildConfigurationList = E4F29EC820FD141000BD3E53 /* Build configuration list for PBXNativeTarget "EosDemoTests" */;
			buildPhases = (
				E4F29EAD20FD140F00BD3E53 /* Sources */,
				E4F29EAE20FD140F00BD3E53 /* Frameworks */,
				E4F29EAF20FD140F00BD3E53 /* Resources */,
			);
			buildRules = (
			);
			dependencies = (
				E4F29EB320FD140F00BD3E53 /* PBXTargetDependency */,
			);
			name = EosDemoTests;
			productName = EosDemoTests;
			productReference = E4F29EB120FD140F00BD3E53 /* EosDemoTests.xctest */;
			productType = "com.apple.product-type.bundle.unit-test";
		};
		E4F29EBB20FD140F00BD3E53 /* EosDemoUITests */ = {
			isa = PBXNativeTarget;
			buildConfigurationList = E4F29ECB20FD141000BD3E53 /* Build configuration list for PBXNativeTarget "EosDemoUITests" */;
			buildPhases = (
				E4F29EB820FD140F00BD3E53 /* Sources */,
				E4F29EB920FD140F00BD3E53 /* Frameworks */,
				E4F29EBA20FD140F00BD3E53 /* Resources */,
			);
			buildRules = (
			);
			dependencies = (
				E4F29EBE20FD140F00BD3E53 /* PBXTargetDependency */,
			);
			name = EosDemoUITests;
			productName = EosDemoUITests;
			productReference = E4F29EBC20FD140F00BD3E53 /* EosDemoUITests.xctest */;
			productType = "com.apple.product-type.bundle.ui-testing";
		};
/* End PBXNativeTarget section */

/* Begin PBXProject section */
		E4F29E9520FD140D00BD3E53 /* Project object */ = {
			isa = PBXProject;
			attributes = {
				LastSwiftUpdateCheck = 0940;
				LastUpgradeCheck = 0940;
				ORGANIZATIONNAME = HologramPacific;
				TargetAttributes = {
					E4F29E9C20FD140D00BD3E53 = {
						CreatedOnToolsVersion = 9.4.1;
					};
					E4F29EB020FD140F00BD3E53 = {
						CreatedOnToolsVersion = 9.4.1;
						TestTargetID = E4F29E9C20FD140D00BD3E53;
					};
					E4F29EBB20FD140F00BD3E53 = {
						CreatedOnToolsVersion = 9.4.1;
						TestTargetID = E4F29E9C20FD140D00BD3E53;
					};
				};
			};
			buildConfigurationList = E4F29E9820FD140D00BD3E53 /* Build configuration list for PBXProject "EosDemo" */;
			compatibilityVersion = "Xcode 9.3";
			developmentRegion = en;
			hasScannedForEncodings = 0;
			knownRegions = (
				en,
				Base,
			);
			mainGroup = E4F29E9420FD140D00BD3E53;
			productRefGroup = E4F29E9E20FD140D00BD3E53 /* Products */;
			projectDirPath = "";
			projectRoot = "";
			targets = (
				E4F29E9C20FD140D00BD3E53 /* EosDemo */,
				E4F29EB020FD140F00BD3E53 /* EosDemoTests */,
				E4F29EBB20FD140F00BD3E53 /* EosDemoUITests */,
			);
		};
/* End PBXProject section */

/* Begin PBXResourcesBuildPhase section */
		E4F29E9B20FD140D00BD3E53 /* Resources */ = {
			isa = PBXResourcesBuildPhase;
			buildActionMask = 2147483647;
			files = (
				E4F29EAB20FD140F00BD3E53 /* LaunchScreen.storyboard in Resources */,
				E4F29EA820FD140F00BD3E53 /* Assets.xcassets in Resources */,
				E4F29ECF20FD172300BD3E53 /* README.md in Resources */,
				E4F29EA620FD140D00BD3E53 /* Main.storyboard in Resources */,
			);
			runOnlyForDeploymentPostprocessing = 0;
		};
		E4F29EAF20FD140F00BD3E53 /* Resources */ = {
			isa = PBXResourcesBuildPhase;
			buildActionMask = 2147483647;
			files = (
			);
			runOnlyForDeploymentPostprocessing = 0;
		};
		E4F29EBA20FD140F00BD3E53 /* Resources */ = {
			isa = PBXResourcesBuildPhase;
			buildActionMask = 2147483647;
			files = (
			);
			runOnlyForDeploymentPostprocessing = 0;
		};
/* End PBXResourcesBuildPhase section */

/* Begin PBXSourcesBuildPhase section */
		E4F29E9920FD140D00BD3E53 /* Sources */ = {
			isa = PBXSourcesBuildPhase;
			buildActionMask = 2147483647;
			files = (
				E4F29EA320FD140D00BD3E53 /* ViewController.swift in Sources */,
				E4F29ED620FD2D1000BD3E53 /* ChainInfo.swift in Sources */,
				E48924AF20FE66D600D36A80 /* TransactionsViewController.swift in Sources */,
				E4F29EE220FD625E00BD3E53 /* Transaction.swift in Sources */,
				E4F29ED920FD2DB800BD3E53 /* BlockInfo.swift in Sources */,
				E4F29EEC20FD9A7300BD3E53 /* BlockSelectViewController.swift in Sources */,
				E4F29EE920FD9A6400BD3E53 /* BlockInfoViewController.swift in Sources */,
				E4F29ED120FD1F7800BD3E53 /* Request.swift in Sources */,
				E4F29EA120FD140D00BD3E53 /* AppDelegate.swift in Sources */,
			);
			runOnlyForDeploymentPostprocessing = 0;
		};
		E4F29EAD20FD140F00BD3E53 /* Sources */ = {
			isa = PBXSourcesBuildPhase;
			buildActionMask = 2147483647;
			files = (
				E4F29EB620FD140F00BD3E53 /* EosDemoTests.swift in Sources */,
				E4F29EE620FD7B1600BD3E53 /* TransactionTests.swift in Sources */,
				E4F29EEA20FD9A6400BD3E53 /* BlockInfoViewController.swift in Sources */,
				E4F29EDE20FD4A5600BD3E53 /* RequestTests.swift in Sources */,
				E4F29EE320FD625E00BD3E53 /* Transaction.swift in Sources */,
				E4F29ED720FD2D1000BD3E53 /* ChainInfo.swift in Sources */,
				E4F29EDA20FD2DB800BD3E53 /* BlockInfo.swift in Sources */,
				E4F29EDC20FD375C00BD3E53 /* BlockInfoTests.swift in Sources */,
				E4F29EED20FD9A7300BD3E53 /* BlockSelectViewController.swift in Sources */,
				E4F29ED420FD28B700BD3E53 /* Request.swift in Sources */,
				E4F29ED320FD26AC00BD3E53 /* ChainInfoTests.swift in Sources */,
			);
			runOnlyForDeploymentPostprocessing = 0;
		};
		E4F29EB820FD140F00BD3E53 /* Sources */ = {
			isa = PBXSourcesBuildPhase;
			buildActionMask = 2147483647;
			files = (
				E4F29EC120FD140F00BD3E53 /* EosDemoUITests.swift in Sources */,
			);
			runOnlyForDeploymentPostprocessing = 0;
		};
/* End PBXSourcesBuildPhase section */

/* Begin PBXTargetDependency section */
		E4F29EB320FD140F00BD3E53 /* PBXTargetDependency */ = {
			isa = PBXTargetDependency;
			target = E4F29E9C20FD140D00BD3E53 /* EosDemo */;
			targetProxy = E4F29EB220FD140F00BD3E53 /* PBXContainerItemProxy */;
		};
		E4F29EBE20FD140F00BD3E53 /* PBXTargetDependency */ = {
			isa = PBXTargetDependency;
			target = E4F29E9C20FD140D00BD3E53 /* EosDemo */;
			targetProxy = E4F29EBD20FD140F00BD3E53 /* PBXContainerItemProxy */;
		};
/* End PBXTargetDependency section */

/* Begin PBXVariantGroup section */
		E4F29EA420FD140D00BD3E53 /* Main.storyboard */ = {
			isa = PBXVariantGroup;
			children = (
				E4F29EA520FD140D00BD3E53 /* Base */,
			);
			name = Main.storyboard;
			sourceTree = "<group>";
		};
		E4F29EA920FD140F00BD3E53 /* LaunchScreen.storyboard */ = {
			isa = PBXVariantGroup;
			children = (
				E4F29EAA20FD140F00BD3E53 /* Base */,
			);
			name = LaunchScreen.storyboard;
			sourceTree = "<group>";
		};
/* End PBXVariantGroup section */

/* Begin XCBuildConfiguration section */
		E4F29EC320FD140F00BD3E53 /* Debug */ = {
			isa = XCBuildConfiguration;
			buildSettings = {
				ALWAYS_SEARCH_USER_PATHS = NO;
				CLANG_ANALYZER_NONNULL = YES;
				CLANG_ANALYZER_NUMBER_OBJECT_CONVERSION = YES_AGGRESSIVE;
				CLANG_CXX_LANGUAGE_STANDARD = "gnu++14";
				CLANG_CXX_LIBRARY = "libc++";
				CLANG_ENABLE_MODULES = YES;
				CLANG_ENABLE_OBJC_ARC = YES;
				CLANG_ENABLE_OBJC_WEAK = YES;
				CLANG_WARN_BLOCK_CAPTURE_AUTORELEASING = YES;
				CLANG_WARN_BOOL_CONVERSION = YES;
				CLANG_WARN_COMMA = YES;
				CLANG_WARN_CONSTANT_CONVERSION = YES;
				CLANG_WARN_DEPRECATED_OBJC_IMPLEMENTATIONS = YES;
				CLANG_WARN_DIRECT_OBJC_ISA_USAGE = YES_ERROR;
				CLANG_WARN_DOCUMENTATION_COMMENTS = YES;
				CLANG_WARN_EMPTY_BODY = YES;
				CLANG_WARN_ENUM_CONVERSION = YES;
				CLANG_WARN_INFINITE_RECURSION = YES;
				CLANG_WARN_INT_CONVERSION = YES;
				CLANG_WARN_NON_LITERAL_NULL_CONVERSION = YES;
				CLANG_WARN_OBJC_IMPLICIT_RETAIN_SELF = YES;
				CLANG_WARN_OBJC_LITERAL_CONVERSION = YES;
				CLANG_WARN_OBJC_ROOT_CLASS = YES_ERROR;
				CLANG_WARN_RANGE_LOOP_ANALYSIS = YES;
				CLANG_WARN_STRICT_PROTOTYPES = YES;
				CLANG_WARN_SUSPICIOUS_MOVE = YES;
				CLANG_WARN_UNGUARDED_AVAILABILITY = YES_AGGRESSIVE;
				CLANG_WARN_UNREACHABLE_CODE = YES;
				CLANG_WARN__DUPLICATE_METHOD_MATCH = YES;
				CODE_SIGN_IDENTITY = "iPhone Developer";
				COPY_PHASE_STRIP = NO;
				DEBUG_INFORMATION_FORMAT = dwarf;
				ENABLE_STRICT_OBJC_MSGSEND = YES;
				ENABLE_TESTABILITY = YES;
				GCC_C_LANGUAGE_STANDARD = gnu11;
				GCC_DYNAMIC_NO_PIC = NO;
				GCC_NO_COMMON_BLOCKS = YES;
				GCC_OPTIMIZATION_LEVEL = 0;
				GCC_PREPROCESSOR_DEFINITIONS = (
					"DEBUG=1",
					"$(inherited)",
				);
				GCC_WARN_64_TO_32_BIT_CONVERSION = YES;
				GCC_WARN_ABOUT_RETURN_TYPE = YES_ERROR;
				GCC_WARN_UNDECLARED_SELECTOR = YES;
				GCC_WARN_UNINITIALIZED_AUTOS = YES_AGGRESSIVE;
				GCC_WARN_UNUSED_FUNCTION = YES;
				GCC_WARN_UNUSED_VARIABLE = YES;
				IPHONEOS_DEPLOYMENT_TARGET = 11.4;
				MTL_ENABLE_DEBUG_INFO = YES;
				ONLY_ACTIVE_ARCH = YES;
				SDKROOT = iphoneos;
				SWIFT_ACTIVE_COMPILATION_CONDITIONS = DEBUG;
				SWIFT_OPTIMIZATION_LEVEL = "-Onone";
			};
			name = Debug;
		};
		E4F29EC420FD140F00BD3E53 /* Release */ = {
			isa = XCBuildConfiguration;
			buildSettings = {
				ALWAYS_SEARCH_USER_PATHS = NO;
				CLANG_ANALYZER_NONNULL = YES;
				CLANG_ANALYZER_NUMBER_OBJECT_CONVERSION = YES_AGGRESSIVE;
				CLANG_CXX_LANGUAGE_STANDARD = "gnu++14";
				CLANG_CXX_LIBRARY = "libc++";
				CLANG_ENABLE_MODULES = YES;
				CLANG_ENABLE_OBJC_ARC = YES;
				CLANG_ENABLE_OBJC_WEAK = YES;
				CLANG_WARN_BLOCK_CAPTURE_AUTORELEASING = YES;
				CLANG_WARN_BOOL_CONVERSION = YES;
				CLANG_WARN_COMMA = YES;
				CLANG_WARN_CONSTANT_CONVERSION = YES;
				CLANG_WARN_DEPRECATED_OBJC_IMPLEMENTATIONS = YES;
				CLANG_WARN_DIRECT_OBJC_ISA_USAGE = YES_ERROR;
				CLANG_WARN_DOCUMENTATION_COMMENTS = YES;
				CLANG_WARN_EMPTY_BODY = YES;
				CLANG_WARN_ENUM_CONVERSION = YES;
				CLANG_WARN_INFINITE_RECURSION = YES;
				CLANG_WARN_INT_CONVERSION = YES;
				CLANG_WARN_NON_LITERAL_NULL_CONVERSION = YES;
				CLANG_WARN_OBJC_IMPLICIT_RETAIN_SELF = YES;
				CLANG_WARN_OBJC_LITERAL_CONVERSION = YES;
				CLANG_WARN_OBJC_ROOT_CLASS = YES_ERROR;
				CLANG_WARN_RANGE_LOOP_ANALYSIS = YES;
				CLANG_WARN_STRICT_PROTOTYPES = YES;
				CLANG_WARN_SUSPICIOUS_MOVE = YES;
				CLANG_WARN_UNGUARDED_AVAILABILITY = YES_AGGRESSIVE;
				CLANG_WARN_UNREACHABLE_CODE = YES;
				CLANG_WARN__DUPLICATE_METHOD_MATCH = YES;
				CODE_SIGN_IDENTITY = "iPhone Developer";
				COPY_PHASE_STRIP = NO;
				DEBUG_INFORMATION_FORMAT = "dwarf-with-dsym";
				ENABLE_NS_ASSERTIONS = NO;
				ENABLE_STRICT_OBJC_MSGSEND = YES;
				GCC_C_LANGUAGE_STANDARD = gnu11;
				GCC_NO_COMMON_BLOCKS = YES;
				GCC_WARN_64_TO_32_BIT_CONVERSION = YES;
				GCC_WARN_ABOUT_RETURN_TYPE = YES_ERROR;
				GCC_WARN_UNDECLARED_SELECTOR = YES;
				GCC_WARN_UNINITIALIZED_AUTOS = YES_AGGRESSIVE;
				GCC_WARN_UNUSED_FUNCTION = YES;
				GCC_WARN_UNUSED_VARIABLE = YES;
				IPHONEOS_DEPLOYMENT_TARGET = 11.4;
				MTL_ENABLE_DEBUG_INFO = NO;
				SDKROOT = iphoneos;
				SWIFT_COMPILATION_MODE = wholemodule;
				SWIFT_OPTIMIZATION_LEVEL = "-O";
				VALIDATE_PRODUCT = YES;
			};
			name = Release;
		};
		E4F29EC620FD140F00BD3E53 /* Debug */ = {
			isa = XCBuildConfiguration;
			buildSettings = {
				ASSETCATALOG_COMPILER_APPICON_NAME = AppIcon;
				CODE_SIGN_STYLE = Automatic;
				DEVELOPMENT_TEAM = 24A68S5EUR;
				INFOPLIST_FILE = EosDemo/Info.plist;
				LD_RUNPATH_SEARCH_PATHS = (
					"$(inherited)",
					"@executable_path/Frameworks",
				);
				PRODUCT_BUNDLE_IDENTIFIER = com.hologrampacific.EosDemo;
				PRODUCT_NAME = "$(TARGET_NAME)";
				SWIFT_VERSION = 4.0;
				TARGETED_DEVICE_FAMILY = "1,2";
			};
			name = Debug;
		};
		E4F29EC720FD141000BD3E53 /* Release */ = {
			isa = XCBuildConfiguration;
			buildSettings = {
				ASSETCATALOG_COMPILER_APPICON_NAME = AppIcon;
				CODE_SIGN_STYLE = Automatic;
				DEVELOPMENT_TEAM = 24A68S5EUR;
				INFOPLIST_FILE = EosDemo/Info.plist;
				LD_RUNPATH_SEARCH_PATHS = (
					"$(inherited)",
					"@executable_path/Frameworks",
				);
				PRODUCT_BUNDLE_IDENTIFIER = com.hologrampacific.EosDemo;
				PRODUCT_NAME = "$(TARGET_NAME)";
				SWIFT_VERSION = 4.0;
				TARGETED_DEVICE_FAMILY = "1,2";
			};
			name = Release;
		};
		E4F29EC920FD141000BD3E53 /* Debug */ = {
			isa = XCBuildConfiguration;
			buildSettings = {
				ALWAYS_EMBED_SWIFT_STANDARD_LIBRARIES = YES;
				BUNDLE_LOADER = "$(TEST_HOST)";
				CODE_SIGN_STYLE = Automatic;
				DEVELOPMENT_TEAM = 24A68S5EUR;
				INFOPLIST_FILE = EosDemoTests/Info.plist;
				LD_RUNPATH_SEARCH_PATHS = (
					"$(inherited)",
					"@executable_path/Frameworks",
					"@loader_path/Frameworks",
				);
				PRODUCT_BUNDLE_IDENTIFIER = com.hologrampacific.EosDemoTests;
				PRODUCT_NAME = "$(TARGET_NAME)";
				SWIFT_VERSION = 4.0;
				TARGETED_DEVICE_FAMILY = "1,2";
				TEST_HOST = "$(BUILT_PRODUCTS_DIR)/EosDemo.app/EosDemo";
			};
			name = Debug;
		};
		E4F29ECA20FD141000BD3E53 /* Release */ = {
			isa = XCBuildConfiguration;
			buildSettings = {
				ALWAYS_EMBED_SWIFT_STANDARD_LIBRARIES = YES;
				BUNDLE_LOADER = "$(TEST_HOST)";
				CODE_SIGN_STYLE = Automatic;
				DEVELOPMENT_TEAM = 24A68S5EUR;
				INFOPLIST_FILE = EosDemoTests/Info.plist;
				LD_RUNPATH_SEARCH_PATHS = (
					"$(inherited)",
					"@executable_path/Frameworks",
					"@loader_path/Frameworks",
				);
				PRODUCT_BUNDLE_IDENTIFIER = com.hologrampacific.EosDemoTests;
				PRODUCT_NAME = "$(TARGET_NAME)";
				SWIFT_VERSION = 4.0;
				TARGETED_DEVICE_FAMILY = "1,2";
				TEST_HOST = "$(BUILT_PRODUCTS_DIR)/EosDemo.app/EosDemo";
			};
			name = Release;
		};
		E4F29ECC20FD141000BD3E53 /* Debug */ = {
			isa = XCBuildConfiguration;
			buildSettings = {
				ALWAYS_EMBED_SWIFT_STANDARD_LIBRARIES = YES;
				CODE_SIGN_STYLE = Automatic;
				DEVELOPMENT_TEAM = 24A68S5EUR;
				INFOPLIST_FILE = EosDemoUITests/Info.plist;
				LD_RUNPATH_SEARCH_PATHS = (
					"$(inherited)",
					"@executable_path/Frameworks",
					"@loader_path/Frameworks",
				);
				PRODUCT_BUNDLE_IDENTIFIER = com.hologrampacific.EosDemoUITests;
				PRODUCT_NAME = "$(TARGET_NAME)";
				SWIFT_VERSION = 4.0;
				TARGETED_DEVICE_FAMILY = "1,2";
				TEST_TARGET_NAME = EosDemo;
			};
			name = Debug;
		};
		E4F29ECD20FD141000BD3E53 /* Release */ = {
			isa = XCBuildConfiguration;
			buildSettings = {
				ALWAYS_EMBED_SWIFT_STANDARD_LIBRARIES = YES;
				CODE_SIGN_STYLE = Automatic;
				DEVELOPMENT_TEAM = 24A68S5EUR;
				INFOPLIST_FILE = EosDemoUITests/Info.plist;
				LD_RUNPATH_SEARCH_PATHS = (
					"$(inherited)",
					"@executable_path/Frameworks",
					"@loader_path/Frameworks",
				);
				PRODUCT_BUNDLE_IDENTIFIER = com.hologrampacific.EosDemoUITests;
				PRODUCT_NAME = "$(TARGET_NAME)";
				SWIFT_VERSION = 4.0;
				TARGETED_DEVICE_FAMILY = "1,2";
				TEST_TARGET_NAME = EosDemo;
			};
			name = Release;
		};
/* End XCBuildConfiguration section */

/* Begin XCConfigurationList section */
		E4F29E9820FD140D00BD3E53 /* Build configuration list for PBXProject "EosDemo" */ = {
			isa = XCConfigurationList;
			buildConfigurations = (
				E4F29EC320FD140F00BD3E53 /* Debug */,
				E4F29EC420FD140F00BD3E53 /* Release */,
			);
			defaultConfigurationIsVisible = 0;
			defaultConfigurationName = Release;
		};
		E4F29EC520FD140F00BD3E53 /* Build configuration list for PBXNativeTarget "EosDemo" */ = {
			isa = XCConfigurationList;
			buildConfigurations = (
				E4F29EC620FD140F00BD3E53 /* Debug */,
				E4F29EC720FD141000BD3E53 /* Release */,
			);
			defaultConfigurationIsVisible = 0;
			defaultConfigurationName = Release;
		};
		E4F29EC820FD141000BD3E53 /* Build configuration list for PBXNativeTarget "EosDemoTests" */ = {
			isa = XCConfigurationList;
			buildConfigurations = (
				E4F29EC920FD141000BD3E53 /* Debug */,
				E4F29ECA20FD141000BD3E53 /* Release */,
			);
			defaultConfigurationIsVisible = 0;
			defaultConfigurationName = Release;
		};
		E4F29ECB20FD141000BD3E53 /* Build configuration list for PBXNativeTarget "EosDemoUITests" */ = {
			isa = XCConfigurationList;
			buildConfigurations = (
				E4F29ECC20FD141000BD3E53 /* Debug */,
				E4F29ECD20FD141000BD3E53 /* Release */,
			);
			defaultConfigurationIsVisible = 0;
			defaultConfigurationName = Release;
		};
/* End XCConfigurationList section */
	};
	rootObject = E4F29E9520FD140D00BD3E53 /* Project object */;
}
